
Microsoft Visual Studio Solution File, Format Version 12.00
# Visual Studio Version 17
VisualStudioVersion = 17.7.34202.233
MinimumVisualStudioVersion = 10.0.40219.1
Project("{FAE04EC0-301F-11D3-BF4B-00C04F79EFBC}") = "paint_mini", "paint_mini\paint_mini.csproj", "{3630486C-EF65-4A26-A090-213A87CCFADA}"
EndProject
Global
	GlobalSection(SolutionConfigurationPlatforms) = preSolution
		Debug|Any CPU = Debug|Any CPU
		Release|Any CPU = Release|Any CPU
	EndGlobalSection
	GlobalSection(ProjectConfigurationPlatforms) = postSolution
		{3630486C-EF65-4A26-A090-213A87CCFADA}.Debug|Any CPU.ActiveCfg = Debug|Any CPU
		{3630486C-EF65-4A26-A090-213A87CCFADA}.Debug|Any CPU.Build.0 = Debug|Any CPU
		{3630486C-EF65-4A26-A090-213A87CCFADA}.Release|Any CPU.ActiveCfg = Release|Any CPU
		{3630486C-EF65-4A26-A090-213A87CCFADA}.Release|Any CPU.Build.0 = Release|Any CPU
	EndGlobalSection
	GlobalSection(SolutionProperties) = preSolution
		HideSolutionNode = FALSE
	EndGlobalSection
	GlobalSection(ExtensibilityGlobals) = postSolution
		SolutionGuid = {E1196BAF-F287-44C4-9E37-6FD9679861B1}
	EndGlobalSection
EndGlobal
